
Microsoft Visual Studio Solution File, Format Version 12.00
# Visual Studio 15
VisualStudioVersion = 15.0.28307.852
MinimumVisualStudioVersion = 10.0.40219.1
Project("{FAE04EC0-301F-11D3-BF4B-00C04F79EFBC}") = "Dotin.ShortLinkProject.WebUi", "Dotin.ShortLinkProject\Dotin.ShortLinkProject.WebUi.csproj", "{343BC0E9-F2DA-41DF-BB2B-687D71B36A84}"
EndProject
Project("{FAE04EC0-301F-11D3-BF4B-00C04F79EFBC}") = "Dotin.ShortLinkProject.Business", "Dotin.ShortLinkProject.Business\Dotin.ShortLinkProject.Business.csproj", "{C65C9573-BCE0-4620-9633-540CF541913C}"
EndProject
Project("{FAE04EC0-301F-11D3-BF4B-00C04F79EFBC}") = "Dotin.ShortLinkProject.DataAccess", "Dotin.ShortLinkProject.DataAccess\Dotin.ShortLinkProject.DataAccess.csproj", "{53756053-94D3-4C0F-A6DB-6545BFDFDEEC}"
EndProject
Project("{FAE04EC0-301F-11D3-BF4B-00C04F79EFBC}") = "Dotin.ShortLinkProject.Common", "Dotin.ShortLinkProject.Common\Dotin.ShortLinkProject.Common.csproj", "{F4B2B075-30DE-40FD-88BC-F94B5882A35F}"
EndProject
Global
	GlobalSection(SolutionConfigurationPlatforms) = preSolution
		Debug|Any CPU = Debug|Any CPU
		Release|Any CPU = Release|Any CPU
	EndGlobalSection
	GlobalSection(ProjectConfigurationPlatforms) = postSolution
		{343BC0E9-F2DA-41DF-BB2B-687D71B36A84}.Debug|Any CPU.ActiveCfg = Debug|Any CPU
		{343BC0E9-F2DA-41DF-BB2B-687D71B36A84}.Debug|Any CPU.Build.0 = Debug|Any CPU
		{343BC0E9-F2DA-41DF-BB2B-687D71B36A84}.Release|Any CPU.ActiveCfg = Release|Any CPU
		{343BC0E9-F2DA-41DF-BB2B-687D71B36A84}.Release|Any CPU.Build.0 = Release|Any CPU
		{C65C9573-BCE0-4620-9633-540CF541913C}.Debug|Any CPU.ActiveCfg = Debug|Any CPU
		{C65C9573-BCE0-4620-9633-540CF541913C}.Debug|Any CPU.Build.0 = Debug|Any CPU
		{C65C9573-BCE0-4620-9633-540CF541913C}.Release|Any CPU.ActiveCfg = Release|Any CPU
		{C65C9573-BCE0-4620-9633-540CF541913C}.Release|Any CPU.Build.0 = Release|Any CPU
		{53756053-94D3-4C0F-A6DB-6545BFDFDEEC}.Debug|Any CPU.ActiveCfg = Debug|Any CPU
		{53756053-94D3-4C0F-A6DB-6545BFDFDEEC}.Debug|Any CPU.Build.0 = Debug|Any CPU
		{53756053-94D3-4C0F-A6DB-6545BFDFDEEC}.Release|Any CPU.ActiveCfg = Release|Any CPU
		{53756053-94D3-4C0F-A6DB-6545BFDFDEEC}.Release|Any CPU.Build.0 = Release|Any CPU
		{F4B2B075-30DE-40FD-88BC-F94B5882A35F}.Debug|Any CPU.ActiveCfg = Debug|Any CPU
		{F4B2B075-30DE-40FD-88BC-F94B5882A35F}.Debug|Any CPU.Build.0 = Debug|Any CPU
		{F4B2B075-30DE-40FD-88BC-F94B5882A35F}.Release|Any CPU.ActiveCfg = Release|Any CPU
		{F4B2B075-30DE-40FD-88BC-F94B5882A35F}.Release|Any CPU.Build.0 = Release|Any CPU
	EndGlobalSection
	GlobalSection(SolutionProperties) = preSolution
		HideSolutionNode = FALSE
	EndGlobalSection
	GlobalSection(ExtensibilityGlobals) = postSolution
		SolutionGuid = {F44FFC5C-9D27-48E4-8BC5-ADAB838917AF}
	EndGlobalSection
EndGlobal
